// !$*UTF8*$!
{
	archiveVersion = 1;
	classes = {
	};
	objectVersion = 48;
	objects = {

/* Begin PBXBuildFile section */
		0112711520416803002E7531 /* AppDelegate.swift in Sources */ = {isa = PBXBuildFile; fileRef = 0112711420416803002E7531 /* AppDelegate.swift */; };
		0112711720416803002E7531 /* ViewController.swift in Sources */ = {isa = PBXBuildFile; fileRef = 0112711620416803002E7531 /* ViewController.swift */; };
		0112711A20416803002E7531 /* Main.storyboard in Resources */ = {isa = PBXBuildFile; fileRef = 0112711820416803002E7531 /* Main.storyboard */; };
		0112711C20416803002E7531 /* Assets.xcassets in Resources */ = {isa = PBXBuildFile; fileRef = 0112711B20416803002E7531 /* Assets.xcassets */; };
		0112711F20416803002E7531 /* LaunchScreen.storyboard in Resources */ = {isa = PBXBuildFile; fileRef = 0112711D20416803002E7531 /* LaunchScreen.storyboard */; };
		0112712F20416878002E7531 /* JYFNetworking.h in Headers */ = {isa = PBXBuildFile; fileRef = 0112712D20416878002E7531 /* JYFNetworking.h */; settings = {ATTRIBUTES = (Public, ); }; };
		0112713220416878002E7531 /* JYFNetworking.framework in Frameworks */ = {isa = PBXBuildFile; fileRef = 0112712B20416878002E7531 /* JYFNetworking.framework */; };
		0112713320416878002E7531 /* JYFNetworking.framework in Embed Frameworks */ = {isa = PBXBuildFile; fileRef = 0112712B20416878002E7531 /* JYFNetworking.framework */; settings = {ATTRIBUTES = (CodeSignOnCopy, RemoveHeadersOnCopy, ); }; };
		01BA6BF020428C050076740F /* AMapFoundationKit.framework in Frameworks */ = {isa = PBXBuildFile; fileRef = 01BA6BEE20428C050076740F /* AMapFoundationKit.framework */; };
		01BA6BF120428D230076740F /* AMapLocationKit.framework in Frameworks */ = {isa = PBXBuildFile; fileRef = 01BA6BED20428C050076740F /* AMapLocationKit.framework */; };
		01BA6BF320428D920076740F /* UIKit.framework in Frameworks */ = {isa = PBXBuildFile; fileRef = 01BA6BF220428D910076740F /* UIKit.framework */; };
		01BA6BF520428D9E0076740F /* Foundation.framework in Frameworks */ = {isa = PBXBuildFile; fileRef = 01BA6BF420428D9E0076740F /* Foundation.framework */; };
		01BA6BFF20428F0F0076740F /* CoreGraphics.framework in Frameworks */ = {isa = PBXBuildFile; fileRef = 01BA6BFE20428F0F0076740F /* CoreGraphics.framework */; };
		01BA6C0020428F380076740F /* JavaScriptCore.framework in Frameworks */ = {isa = PBXBuildFile; fileRef = 01BA6BD92042857F0076740F /* JavaScriptCore.framework */; };
		01BA6C0120428F3E0076740F /* SystemConfiguration.framework in Frameworks */ = {isa = PBXBuildFile; fileRef = 01BA6BDB204285890076740F /* SystemConfiguration.framework */; };
		01BA6C0220428F450076740F /* CoreTelephony.framework in Frameworks */ = {isa = PBXBuildFile; fileRef = 01BA6BDD204285950076740F /* CoreTelephony.framework */; };
		01BA6C0320428F4C0076740F /* CoreLocation.framework in Frameworks */ = {isa = PBXBuildFile; fileRef = 01BA6BDF204285A60076740F /* CoreLocation.framework */; };
		01BA6C0420428F540076740F /* libz.tbd in Frameworks */ = {isa = PBXBuildFile; fileRef = 01BA6BE1204285B50076740F /* libz.tbd */; };
		01BA6C0520428F5F0076740F /* libc++.tbd in Frameworks */ = {isa = PBXBuildFile; fileRef = 01BA6BE3204285C10076740F /* libc++.tbd */; };
		01BA6C0620428F680076740F /* libstdc++.6.0.9.tbd in Frameworks */ = {isa = PBXBuildFile; fileRef = 01BA6BE5204285D20076740F /* libstdc++.6.0.9.tbd */; };
		01BA6C0720428F6F0076740F /* Security.framework in Frameworks */ = {isa = PBXBuildFile; fileRef = 01BA6BE7204286C10076740F /* Security.framework */; };
		6FAB241D386622408F68B29F /* Pods_JYFNetworking.framework in Frameworks */ = {isa = PBXBuildFile; fileRef = 36ECEFA8AB0506BD7AF3AB07 /* Pods_JYFNetworking.framework */; };
		9AE3DD12156E130932E7C09A /* Pods_JYFNetworkingDemo.framework in Frameworks */ = {isa = PBXBuildFile; fileRef = 50BC025F175C5B8648EBAC84 /* Pods_JYFNetworkingDemo.framework */; };
/* End PBXBuildFile section */

/* Begin PBXContainerItemProxy section */
		0112713020416878002E7531 /* PBXContainerItemProxy */ = {
			isa = PBXContainerItemProxy;
			containerPortal = 0112710920416803002E7531 /* Project object */;
			proxyType = 1;
			remoteGlobalIDString = 0112712A20416878002E7531;
			remoteInfo = JYFNetworking;
		};
/* End PBXContainerItemProxy section */

/* Begin PBXCopyFilesBuildPhase section */
		0112713720416878002E7531 /* Embed Frameworks */ = {
			isa = PBXCopyFilesBuildPhase;
			buildActionMask = 2147483647;
			dstPath = "";
			dstSubfolderSpec = 10;
			files = (
				0112713320416878002E7531 /* JYFNetworking.framework in Embed Frameworks */,
			);
			name = "Embed Frameworks";
			runOnlyForDeploymentPostprocessing = 0;
		};
/* End PBXCopyFilesBuildPhase section */

/* Begin PBXFileReference section */
		0112711120416803002E7531 /* JYFNetworkingDemo.app */ = {isa = PBXFileReference; explicitFileType = wrapper.application; includeInIndex = 0; path = JYFNetworkingDemo.app; sourceTree = BUILT_PRODUCTS_DIR; };
		0112711420416803002E7531 /* AppDelegate.swift */ = {isa = PBXFileReference; lastKnownFileType = sourcecode.swift; path = AppDelegate.swift; sourceTree = "<group>"; };
		0112711620416803002E7531 /* ViewController.swift */ = {isa = PBXFileReference; lastKnownFileType = sourcecode.swift; path = ViewController.swift; sourceTree = "<group>"; };
		0112711920416803002E7531 /* Base */ = {isa = PBXFileReference; lastKnownFileType = file.storyboard; name = Base; path = Base.lproj/Main.storyboard; sourceTree = "<group>"; };
		0112711B20416803002E7531 /* Assets.xcassets */ = {isa = PBXFileReference; lastKnownFileType = folder.assetcatalog; path = Assets.xcassets; sourceTree = "<group>"; };
		0112711E20416803002E7531 /* Base */ = {isa = PBXFileReference; lastKnownFileType = file.storyboard; name = Base; path = Base.lproj/LaunchScreen.storyboard; sourceTree = "<group>"; };
		0112712020416803002E7531 /* Info.plist */ = {isa = PBXFileReference; lastKnownFileType = text.plist.xml; path = Info.plist; sourceTree = "<group>"; };
		0112712B20416878002E7531 /* JYFNetworking.framework */ = {isa = PBXFileReference; explicitFileType = wrapper.framework; includeInIndex = 0; path = JYFNetworking.framework; sourceTree = BUILT_PRODUCTS_DIR; };
		0112712D20416878002E7531 /* JYFNetworking.h */ = {isa = PBXFileReference; lastKnownFileType = sourcecode.c.h; path = JYFNetworking.h; sourceTree = "<group>"; };
		0112712E20416878002E7531 /* Info.plist */ = {isa = PBXFileReference; lastKnownFileType = text.plist.xml; path = Info.plist; sourceTree = "<group>"; };
		01BA6BD92042857F0076740F /* JavaScriptCore.framework */ = {isa = PBXFileReference; lastKnownFileType = wrapper.framework; name = JavaScriptCore.framework; path = System/Library/Frameworks/JavaScriptCore.framework; sourceTree = SDKROOT; };
		01BA6BDB204285890076740F /* SystemConfiguration.framework */ = {isa = PBXFileReference; lastKnownFileType = wrapper.framework; name = SystemConfiguration.framework; path = System/Library/Frameworks/SystemConfiguration.framework; sourceTree = SDKROOT; };
		01BA6BDD204285950076740F /* CoreTelephony.framework */ = {isa = PBXFileReference; lastKnownFileType = wrapper.framework; name = CoreTelephony.framework; path = System/Library/Frameworks/CoreTelephony.framework; sourceTree = SDKROOT; };
		01BA6BDF204285A60076740F /* CoreLocation.framework */ = {isa = PBXFileReference; lastKnownFileType = wrapper.framework; name = CoreLocation.framework; path = System/Library/Frameworks/CoreLocation.framework; sourceTree = SDKROOT; };
		01BA6BE1204285B50076740F /* libz.tbd */ = {isa = PBXFileReference; lastKnownFileType = "sourcecode.text-based-dylib-definition"; name = libz.tbd; path = usr/lib/libz.tbd; sourceTree = SDKROOT; };
		01BA6BE3204285C10076740F /* libc++.tbd */ = {isa = PBXFileReference; lastKnownFileType = "sourcecode.text-based-dylib-definition"; name = "libc++.tbd"; path = "usr/lib/libc++.tbd"; sourceTree = SDKROOT; };
		01BA6BE5204285D20076740F /* libstdc++.6.0.9.tbd */ = {isa = PBXFileReference; lastKnownFileType = "sourcecode.text-based-dylib-definition"; name = "libstdc++.6.0.9.tbd"; path = "usr/lib/libstdc++.6.0.9.tbd"; sourceTree = SDKROOT; };
		01BA6BE7204286C10076740F /* Security.framework */ = {isa = PBXFileReference; lastKnownFileType = wrapper.framework; name = Security.framework; path = System/Library/Frameworks/Security.framework; sourceTree = SDKROOT; };
		01BA6BED20428C050076740F /* AMapLocationKit.framework */ = {isa = PBXFileReference; lastKnownFileType = wrapper.framework; path = AMapLocationKit.framework; sourceTree = "<group>"; };
		01BA6BEE20428C050076740F /* AMapFoundationKit.framework */ = {isa = PBXFileReference; lastKnownFileType = wrapper.framework; path = AMapFoundationKit.framework; sourceTree = "<group>"; };
		01BA6BF220428D910076740F /* UIKit.framework */ = {isa = PBXFileReference; lastKnownFileType = wrapper.framework; name = UIKit.framework; path = System/Library/Frameworks/UIKit.framework; sourceTree = SDKROOT; };
		01BA6BF420428D9E0076740F /* Foundation.framework */ = {isa = PBXFileReference; lastKnownFileType = wrapper.framework; name = Foundation.framework; path = System/Library/Frameworks/Foundation.framework; sourceTree = SDKROOT; };
		01BA6BFE20428F0F0076740F /* CoreGraphics.framework */ = {isa = PBXFileReference; lastKnownFileType = wrapper.framework; name = CoreGraphics.framework; path = System/Library/Frameworks/CoreGraphics.framework; sourceTree = SDKROOT; };
		2A3D1A170506954A3DE43361 /* Pods-JYFNetworkingDemo.debug.xcconfig */ = {isa = PBXFileReference; includeInIndex = 1; lastKnownFileType = text.xcconfig; name = "Pods-JYFNetworkingDemo.debug.xcconfig"; path = "Pods/Target Support Files/Pods-JYFNetworkingDemo/Pods-JYFNetworkingDemo.debug.xcconfig"; sourceTree = "<group>"; };
		2D4CED5D80EAEB67FB1E6E38 /* Pods-JYFNetworking.debug.xcconfig */ = {isa = PBXFileReference; includeInIndex = 1; lastKnownFileType = text.xcconfig; name = "Pods-JYFNetworking.debug.xcconfig"; path = "Pods/Target Support Files/Pods-JYFNetworking/Pods-JYFNetworking.debug.xcconfig"; sourceTree = "<group>"; };
		36ECEFA8AB0506BD7AF3AB07 /* Pods_JYFNetworking.framework */ = {isa = PBXFileReference; explicitFileType = wrapper.framework; includeInIndex = 0; path = Pods_JYFNetworking.framework; sourceTree = BUILT_PRODUCTS_DIR; };
		50BC025F175C5B8648EBAC84 /* Pods_JYFNetworkingDemo.framework */ = {isa = PBXFileReference; explicitFileType = wrapper.framework; includeInIndex = 0; path = Pods_JYFNetworkingDemo.framework; sourceTree = BUILT_PRODUCTS_DIR; };
		E2E0A60481693B468CC2A651 /* Pods-JYFNetworking.release.xcconfig */ = {isa = PBXFileReference; includeInIndex = 1; lastKnownFileType = text.xcconfig; name = "Pods-JYFNetworking.release.xcconfig"; path = "Pods/Target Support Files/Pods-JYFNetworking/Pods-JYFNetworking.release.xcconfig"; sourceTree = "<group>"; };
		EF9180C80D31A39B81659BBF /* Pods-JYFNetworkingDemo.release.xcconfig */ = {isa = PBXFileReference; includeInIndex = 1; lastKnownFileType = text.xcconfig; name = "Pods-JYFNetworkingDemo.release.xcconfig"; path = "Pods/Target Support Files/Pods-JYFNetworkingDemo/Pods-JYFNetworkingDemo.release.xcconfig"; sourceTree = "<group>"; };
/* End PBXFileReference section */

/* Begin PBXFrameworksBuildPhase section */
		0112710E20416803002E7531 /* Frameworks */ = {
			isa = PBXFrameworksBuildPhase;
			buildActionMask = 2147483647;
			files = (
				0112713220416878002E7531 /* JYFNetworking.framework in Frameworks */,
				9AE3DD12156E130932E7C09A /* Pods_JYFNetworkingDemo.framework in Frameworks */,
			);
			runOnlyForDeploymentPostprocessing = 0;
		};
		0112712720416878002E7531 /* Frameworks */ = {
			isa = PBXFrameworksBuildPhase;
			buildActionMask = 2147483647;
			files = (
				01BA6C0720428F6F0076740F /* Security.framework in Frameworks */,
				01BA6C0620428F680076740F /* libstdc++.6.0.9.tbd in Frameworks */,
				01BA6C0520428F5F0076740F /* libc++.tbd in Frameworks */,
				01BA6C0420428F540076740F /* libz.tbd in Frameworks */,
				01BA6C0320428F4C0076740F /* CoreLocation.framework in Frameworks */,
				01BA6C0220428F450076740F /* CoreTelephony.framework in Frameworks */,
				01BA6C0120428F3E0076740F /* SystemConfiguration.framework in Frameworks */,
				01BA6C0020428F380076740F /* JavaScriptCore.framework in Frameworks */,
				01BA6BFF20428F0F0076740F /* CoreGraphics.framework in Frameworks */,
				01BA6BF520428D9E0076740F /* Foundation.framework in Frameworks */,
				01BA6BF320428D920076740F /* UIKit.framework in Frameworks */,
				01BA6BF120428D230076740F /* AMapLocationKit.framework in Frameworks */,
				01BA6BF020428C050076740F /* AMapFoundationKit.framework in Frameworks */,
				6FAB241D386622408F68B29F /* Pods_JYFNetworking.framework in Frameworks */,
			);
			runOnlyForDeploymentPostprocessing = 0;
		};
/* End PBXFrameworksBuildPhase section */

/* Begin PBXGroup section */
		0112710820416803002E7531 = {
			isa = PBXGroup;
			children = (
				0112711320416803002E7531 /* JYFNetworkingDemo */,
				0112712C20416878002E7531 /* JYFNetworking */,
				0112711220416803002E7531 /* Products */,
				0D1DE79485636111F656D7B7 /* Pods */,
				401C4C3BB531FFF8FDB4F220 /* Frameworks */,
			);
			sourceTree = "<group>";
		};
		0112711220416803002E7531 /* Products */ = {
			isa = PBXGroup;
			children = (
				0112711120416803002E7531 /* JYFNetworkingDemo.app */,
				0112712B20416878002E7531 /* JYFNetworking.framework */,
			);
			name = Products;
			sourceTree = "<group>";
		};
		0112711320416803002E7531 /* JYFNetworkingDemo */ = {
			isa = PBXGroup;
			children = (
				0112711420416803002E7531 /* AppDelegate.swift */,
				0112711620416803002E7531 /* ViewController.swift */,
				0112711820416803002E7531 /* Main.storyboard */,
				0112711B20416803002E7531 /* Assets.xcassets */,
				0112711D20416803002E7531 /* LaunchScreen.storyboard */,
				0112712020416803002E7531 /* Info.plist */,
			);
			path = JYFNetworkingDemo;
			sourceTree = "<group>";
		};
		0112712C20416878002E7531 /* JYFNetworking */ = {
			isa = PBXGroup;
			children = (
				01BA6BD4204281590076740F /* Tool */,
				0112712D20416878002E7531 /* JYFNetworking.h */,
				0112712E20416878002E7531 /* Info.plist */,
			);
			path = JYFNetworking;
			sourceTree = "<group>";
		};
		01BA6BD4204281590076740F /* Tool */ = {
			isa = PBXGroup;
			children = (
				01BA6BEE20428C050076740F /* AMapFoundationKit.framework */,
				01BA6BED20428C050076740F /* AMapLocationKit.framework */,
			);
			path = Tool;
			sourceTree = "<group>";
		};
		0D1DE79485636111F656D7B7 /* Pods */ = {
			isa = PBXGroup;
			children = (
				2D4CED5D80EAEB67FB1E6E38 /* Pods-JYFNetworking.debug.xcconfig */,
				E2E0A60481693B468CC2A651 /* Pods-JYFNetworking.release.xcconfig */,
				2A3D1A170506954A3DE43361 /* Pods-JYFNetworkingDemo.debug.xcconfig */,
				EF9180C80D31A39B81659BBF /* Pods-JYFNetworkingDemo.release.xcconfig */,
			);
			name = Pods;
			sourceTree = "<group>";
		};
		401C4C3BB531FFF8FDB4F220 /* Frameworks */ = {
			isa = PBXGroup;
			children = (
				01BA6BFE20428F0F0076740F /* CoreGraphics.framework */,
				01BA6BF420428D9E0076740F /* Foundation.framework */,
				01BA6BF220428D910076740F /* UIKit.framework */,
				01BA6BE7204286C10076740F /* Security.framework */,
				01BA6BE5204285D20076740F /* libstdc++.6.0.9.tbd */,
				01BA6BE3204285C10076740F /* libc++.tbd */,
				01BA6BE1204285B50076740F /* libz.tbd */,
				01BA6BDF204285A60076740F /* CoreLocation.framework */,
				01BA6BDD204285950076740F /* CoreTelephony.framework */,
				01BA6BDB204285890076740F /* SystemConfiguration.framework */,
				01BA6BD92042857F0076740F /* JavaScriptCore.framework */,
				36ECEFA8AB0506BD7AF3AB07 /* Pods_JYFNetworking.framework */,
				50BC025F175C5B8648EBAC84 /* Pods_JYFNetworkingDemo.framework */,
			);
			name = Frameworks;
			sourceTree = "<group>";
		};
/* End PBXGroup section */

/* Begin PBXHeadersBuildPhase section */
		0112712820416878002E7531 /* Headers */ = {
			isa = PBXHeadersBuildPhase;
			buildActionMask = 2147483647;
			files = (
				0112712F20416878002E7531 /* JYFNetworking.h in Headers */,
			);
			runOnlyForDeploymentPostprocessing = 0;
		};
/* End PBXHeadersBuildPhase section */

/* Begin PBXNativeTarget section */
		0112711020416803002E7531 /* JYFNetworkingDemo */ = {
			isa = PBXNativeTarget;
			buildConfigurationList = 0112712320416803002E7531 /* Build configuration list for PBXNativeTarget "JYFNetworkingDemo" */;
			buildPhases = (
				DC97DF0093A5D854596A2E61 /* [CP] Check Pods Manifest.lock */,
				0112710D20416803002E7531 /* Sources */,
				0112710E20416803002E7531 /* Frameworks */,
				0112710F20416803002E7531 /* Resources */,
				0112713720416878002E7531 /* Embed Frameworks */,
				CB3825D9FFEA8FAAB3D03101 /* [CP] Embed Pods Frameworks */,
				F6712DA3F133768ECF54671B /* [CP] Copy Pods Resources */,
			);
			buildRules = (
			);
			dependencies = (
				0112713120416878002E7531 /* PBXTargetDependency */,
			);
			name = JYFNetworkingDemo;
			productName = JYFNetworking;
			productReference = 0112711120416803002E7531 /* JYFNetworkingDemo.app */;
			productType = "com.apple.product-type.application";
		};
		0112712A20416878002E7531 /* JYFNetworking */ = {
			isa = PBXNativeTarget;
			buildConfigurationList = 0112713620416878002E7531 /* Build configuration list for PBXNativeTarget "JYFNetworking" */;
			buildPhases = (
				400A7D010881FA5F724AA826 /* [CP] Check Pods Manifest.lock */,
				0112712620416878002E7531 /* Sources */,
				0112712720416878002E7531 /* Frameworks */,
				0112712820416878002E7531 /* Headers */,
				0112712920416878002E7531 /* Resources */,
				28BF97E25641FFBD19016E6B /* [CP] Copy Pods Resources */,
			);
			buildRules = (
			);
			dependencies = (
			);
			name = JYFNetworking;
			productName = JYFNetworking;
			productReference = 0112712B20416878002E7531 /* JYFNetworking.framework */;
			productType = "com.apple.product-type.framework";
		};
/* End PBXNativeTarget section */

/* Begin PBXProject section */
		0112710920416803002E7531 /* Project object */ = {
			isa = PBXProject;
			attributes = {
				LastSwiftUpdateCheck = 0920;
				LastUpgradeCheck = 0920;
				ORGANIZATIONNAME = jiangyunfeng;
				TargetAttributes = {
					0112711020416803002E7531 = {
						CreatedOnToolsVersion = 9.2;
						ProvisioningStyle = Automatic;
					};
					0112712A20416878002E7531 = {
						CreatedOnToolsVersion = 9.2;
						ProvisioningStyle = Automatic;
					};
				};
			};
			buildConfigurationList = 0112710C20416803002E7531 /* Build configuration list for PBXProject "JYFNetworking" */;
			compatibilityVersion = "Xcode 8.0";
			developmentRegion = en;
			hasScannedForEncodings = 0;
			knownRegions = (
				en,
				Base,
			);
			mainGroup = 0112710820416803002E7531;
			productRefGroup = 0112711220416803002E7531 /* Products */;
			projectDirPath = "";
			projectRoot = "";
			targets = (
				0112711020416803002E7531 /* JYFNetworkingDemo */,
				0112712A20416878002E7531 /* JYFNetworking */,
			);
		};
/* End PBXProject section */

/* Begin PBXResourcesBuildPhase section */
		0112710F20416803002E7531 /* Resources */ = {
			isa = PBXResourcesBuildPhase;
			buildActionMask = 2147483647;
			files = (
				0112711F20416803002E7531 /* LaunchScreen.storyboard in Resources */,
				0112711C20416803002E7531 /* Assets.xcassets in Resources */,
				0112711A20416803002E7531 /* Main.storyboard in Resources */,
			);
			runOnlyForDeploymentPostprocessing = 0;
		};
		0112712920416878002E7531 /* Resources */ = {
			isa = PBXResourcesBuildPhase;
			buildActionMask = 2147483647;
			files = (
			);
			runOnlyForDeploymentPostprocessing = 0;
		};
/* End PBXResourcesBuildPhase section */

/* Begin PBXShellScriptBuildPhase section */
		28BF97E25641FFBD19016E6B /* [CP] Copy Pods Resources */ = {
			isa = PBXShellScriptBuildPhase;
			buildActionMask = 2147483647;
			files = (
			);
			inputPaths = (
			);
			name = "[CP] Copy Pods Resources";
			outputPaths = (
			);
			runOnlyForDeploymentPostprocessing = 0;
			shellPath = /bin/sh;
			shellScript = "\"${SRCROOT}/Pods/Target Support Files/Pods-JYFNetworking/Pods-JYFNetworking-resources.sh\"\n";
			showEnvVarsInLog = 0;
		};
		400A7D010881FA5F724AA826 /* [CP] Check Pods Manifest.lock */ = {
			isa = PBXShellScriptBuildPhase;
			buildActionMask = 2147483647;
			files = (
			);
			inputPaths = (
				"${PODS_PODFILE_DIR_PATH}/Podfile.lock",
				"${PODS_ROOT}/Manifest.lock",
			);
			name = "[CP] Check Pods Manifest.lock";
			outputPaths = (
				"$(DERIVED_FILE_DIR)/Pods-JYFNetworking-checkManifestLockResult.txt",
			);
			runOnlyForDeploymentPostprocessing = 0;
			shellPath = /bin/sh;
			shellScript = "diff \"${PODS_PODFILE_DIR_PATH}/Podfile.lock\" \"${PODS_ROOT}/Manifest.lock\" > /dev/null\nif [ $? != 0 ] ; then\n    # print error to STDERR\n    echo \"error: The sandbox is not in sync with the Podfile.lock. Run 'pod install' or update your CocoaPods installation.\" >&2\n    exit 1\nfi\n# This output is used by Xcode 'outputs' to avoid re-running this script phase.\necho \"SUCCESS\" > \"${SCRIPT_OUTPUT_FILE_0}\"\n";
			showEnvVarsInLog = 0;
		};
		CB3825D9FFEA8FAAB3D03101 /* [CP] Embed Pods Frameworks */ = {
			isa = PBXShellScriptBuildPhase;
			buildActionMask = 2147483647;
			files = (
			);
			inputPaths = (
				"${SRCROOT}/Pods/Target Support Files/Pods-JYFNetworkingDemo/Pods-JYFNetworkingDemo-frameworks.sh",
				"${BUILT_PRODUCTS_DIR}/Alamofire/Alamofire.framework",
				"${BUILT_PRODUCTS_DIR}/CryptoSwift/CryptoSwift.framework",
				"${BUILT_PRODUCTS_DIR}/Gloss/Gloss.framework",
				"${BUILT_PRODUCTS_DIR}/JYFBasic/JYFBasic.framework",
				"${BUILT_PRODUCTS_DIR}/Moya/Moya.framework",
				"${BUILT_PRODUCTS_DIR}/Realm/Realm.framework",
				"${BUILT_PRODUCTS_DIR}/RealmSwift/RealmSwift.framework",
				"${BUILT_PRODUCTS_DIR}/Result/Result.framework",
				"${BUILT_PRODUCTS_DIR}/RxSwift/RxSwift.framework",
			);
			name = "[CP] Embed Pods Frameworks";
			outputPaths = (
				"${TARGET_BUILD_DIR}/${FRAMEWORKS_FOLDER_PATH}/Alamofire.framework",
				"${TARGET_BUILD_DIR}/${FRAMEWORKS_FOLDER_PATH}/CryptoSwift.framework",
				"${TARGET_BUILD_DIR}/${FRAMEWORKS_FOLDER_PATH}/Gloss.framework",
				"${TARGET_BUILD_DIR}/${FRAMEWORKS_FOLDER_PATH}/JYFBasic.framework",
				"${TARGET_BUILD_DIR}/${FRAMEWORKS_FOLDER_PATH}/Moya.framework",
				"${TARGET_BUILD_DIR}/${FRAMEWORKS_FOLDER_PATH}/Realm.framework",
				"${TARGET_BUILD_DIR}/${FRAMEWORKS_FOLDER_PATH}/RealmSwift.framework",
				"${TARGET_BUILD_DIR}/${FRAMEWORKS_FOLDER_PATH}/Result.framework",
				"${TARGET_BUILD_DIR}/${FRAMEWORKS_FOLDER_PATH}/RxSwift.framework",
			);
			runOnlyForDeploymentPostprocessing = 0;
			shellPath = /bin/sh;
			shellScript = "\"${SRCROOT}/Pods/Target Support Files/Pods-JYFNetworkingDemo/Pods-JYFNetworkingDemo-frameworks.sh\"\n";
			showEnvVarsInLog = 0;
		};
		DC97DF0093A5D854596A2E61 /* [CP] Check Pods Manifest.lock */ = {
			isa = PBXShellScriptBuildPhase;
			buildActionMask = 2147483647;
			files = (
			);
			inputPaths = (
				"${PODS_PODFILE_DIR_PATH}/Podfile.lock",
				"${PODS_ROOT}/Manifest.lock",
			);
			name = "[CP] Check Pods Manifest.lock";
			outputPaths = (
				"$(DERIVED_FILE_DIR)/Pods-JYFNetworkingDemo-checkManifestLockResult.txt",
			);
			runOnlyForDeploymentPostprocessing = 0;
			shellPath = /bin/sh;
			shellScript = "diff \"${PODS_PODFILE_DIR_PATH}/Podfile.lock\" \"${PODS_ROOT}/Manifest.lock\" > /dev/null\nif [ $? != 0 ] ; then\n    # print error to STDERR\n    echo \"error: The sandbox is not in sync with the Podfile.lock. Run 'pod install' or update your CocoaPods installation.\" >&2\n    exit 1\nfi\n# This output is used by Xcode 'outputs' to avoid re-running this script phase.\necho \"SUCCESS\" > \"${SCRIPT_OUTPUT_FILE_0}\"\n";
			showEnvVarsInLog = 0;
		};
		F6712DA3F133768ECF54671B /* [CP] Copy Pods Resources */ = {
			isa = PBXShellScriptBuildPhase;
			buildActionMask = 2147483647;
			files = (
			);
			inputPaths = (
			);
			name = "[CP] Copy Pods Resources";
			outputPaths = (
			);
			runOnlyForDeploymentPostprocessing = 0;
			shellPath = /bin/sh;
			shellScript = "\"${SRCROOT}/Pods/Target Support Files/Pods-JYFNetworkingDemo/Pods-JYFNetworkingDemo-resources.sh\"\n";
			showEnvVarsInLog = 0;
		};
/* End PBXShellScriptBuildPhase section */

/* Begin PBXSourcesBuildPhase section */
		0112710D20416803002E7531 /* Sources */ = {
			isa = PBXSourcesBuildPhase;
			buildActionMask = 2147483647;
			files = (
				0112711720416803002E7531 /* ViewController.swift in Sources */,
				0112711520416803002E7531 /* AppDelegate.swift in Sources */,
			);
			runOnlyForDeploymentPostprocessing = 0;
		};
		0112712620416878002E7531 /* Sources */ = {
			isa = PBXSourcesBuildPhase;
			buildActionMask = 2147483647;
			files = (
			);
			runOnlyForDeploymentPostprocessing = 0;
		};
/* End PBXSourcesBuildPhase section */

/* Begin PBXTargetDependency section */
		0112713120416878002E7531 /* PBXTargetDependency */ = {
			isa = PBXTargetDependency;
			target = 0112712A20416878002E7531 /* JYFNetworking */;
			targetProxy = 0112713020416878002E7531 /* PBXContainerItemProxy */;
		};
/* End PBXTargetDependency section */

/* Begin PBXVariantGroup section */
		0112711820416803002E7531 /* Main.storyboard */ = {
			isa = PBXVariantGroup;
			children = (
				0112711920416803002E7531 /* Base */,
			);
			name = Main.storyboard;
			sourceTree = "<group>";
		};
		0112711D20416803002E7531 /* LaunchScreen.storyboard */ = {
			isa = PBXVariantGroup;
			children = (
				0112711E20416803002E7531 /* Base */,
			);
			name = LaunchScreen.storyboard;
			sourceTree = "<group>";
		};
/* End PBXVariantGroup section */

/* Begin XCBuildConfiguration section */
		0112712120416803002E7531 /* Debug */ = {
			isa = XCBuildConfiguration;
			buildSettings = {
				ALWAYS_SEARCH_USER_PATHS = NO;
				CLANG_ANALYZER_NONNULL = YES;
				CLANG_ANALYZER_NUMBER_OBJECT_CONVERSION = YES_AGGRESSIVE;
				CLANG_CXX_LANGUAGE_STANDARD = "gnu++14";
				CLANG_CXX_LIBRARY = "libc++";
				CLANG_ENABLE_MODULES = YES;
				CLANG_ENABLE_OBJC_ARC = YES;
				CLANG_WARN_BLOCK_CAPTURE_AUTORELEASING = YES;
				CLANG_WARN_BOOL_CONVERSION = YES;
				CLANG_WARN_COMMA = YES;
				CLANG_WARN_CONSTANT_CONVERSION = YES;
				CLANG_WARN_DIRECT_OBJC_ISA_USAGE = YES_ERROR;
				CLANG_WARN_DOCUMENTATION_COMMENTS = YES;
				CLANG_WARN_EMPTY_BODY = YES;
				CLANG_WARN_ENUM_CONVERSION = YES;
				CLANG_WARN_INFINITE_RECURSION = YES;
				CLANG_WARN_INT_CONVERSION = YES;
				CLANG_WARN_NON_LITERAL_NULL_CONVERSION = YES;
				CLANG_WARN_OBJC_LITERAL_CONVERSION = YES;
				CLANG_WARN_OBJC_ROOT_CLASS = YES_ERROR;
				CLANG_WARN_RANGE_LOOP_ANALYSIS = YES;
				CLANG_WARN_STRICT_PROTOTYPES = YES;
				CLANG_WARN_SUSPICIOUS_MOVE = YES;
				CLANG_WARN_UNGUARDED_AVAILABILITY = YES_AGGRESSIVE;
				CLANG_WARN_UNREACHABLE_CODE = YES;
				CLANG_WARN__DUPLICATE_METHOD_MATCH = YES;
				CODE_SIGN_IDENTITY = "iPhone Developer";
				COPY_PHASE_STRIP = NO;
				DEBUG_INFORMATION_FORMAT = dwarf;
				ENABLE_STRICT_OBJC_MSGSEND = YES;
				ENABLE_TESTABILITY = YES;
				GCC_C_LANGUAGE_STANDARD = gnu11;
				GCC_DYNAMIC_NO_PIC = NO;
				GCC_NO_COMMON_BLOCKS = YES;
				GCC_OPTIMIZATION_LEVEL = 0;
				GCC_PREPROCESSOR_DEFINITIONS = (
					"DEBUG=1",
					"$(inherited)",
				);
				GCC_WARN_64_TO_32_BIT_CONVERSION = YES;
				GCC_WARN_ABOUT_RETURN_TYPE = YES_ERROR;
				GCC_WARN_UNDECLARED_SELECTOR = YES;
				GCC_WARN_UNINITIALIZED_AUTOS = YES_AGGRESSIVE;
				GCC_WARN_UNUSED_FUNCTION = YES;
				GCC_WARN_UNUSED_VARIABLE = YES;
				IPHONEOS_DEPLOYMENT_TARGET = 9.0;
				MTL_ENABLE_DEBUG_INFO = YES;
				ONLY_ACTIVE_ARCH = YES;
				SDKROOT = iphoneos;
				SWIFT_ACTIVE_COMPILATION_CONDITIONS = DEBUG;
				SWIFT_OPTIMIZATION_LEVEL = "-Onone";
			};
			name = Debug;
		};
		0112712220416803002E7531 /* Release */ = {
			isa = XCBuildConfiguration;
			buildSettings = {
				ALWAYS_SEARCH_USER_PATHS = NO;
				CLANG_ANALYZER_NONNULL = YES;
				CLANG_ANALYZER_NUMBER_OBJECT_CONVERSION = YES_AGGRESSIVE;
				CLANG_CXX_LANGUAGE_STANDARD = "gnu++14";
				CLANG_CXX_LIBRARY = "libc++";
				CLANG_ENABLE_MODULES = YES;
				CLANG_ENABLE_OBJC_ARC = YES;
				CLANG_WARN_BLOCK_CAPTURE_AUTORELEASING = YES;
				CLANG_WARN_BOOL_CONVERSION = YES;
				CLANG_WARN_COMMA = YES;
				CLANG_WARN_CONSTANT_CONVERSION = YES;
				CLANG_WARN_DIRECT_OBJC_ISA_USAGE = YES_ERROR;
				CLANG_WARN_DOCUMENTATION_COMMENTS = YES;
				CLANG_WARN_EMPTY_BODY = YES;
				CLANG_WARN_ENUM_CONVERSION = YES;
				CLANG_WARN_INFINITE_RECURSION = YES;
				CLANG_WARN_INT_CONVERSION = YES;
				CLANG_WARN_NON_LITERAL_NULL_CONVERSION = YES;
				CLANG_WARN_OBJC_LITERAL_CONVERSION = YES;
				CLANG_WARN_OBJC_ROOT_CLASS = YES_ERROR;
				CLANG_WARN_RANGE_LOOP_ANALYSIS = YES;
				CLANG_WARN_STRICT_PROTOTYPES = YES;
				CLANG_WARN_SUSPICIOUS_MOVE = YES;
				CLANG_WARN_UNGUARDED_AVAILABILITY = YES_AGGRESSIVE;
				CLANG_WARN_UNREACHABLE_CODE = YES;
				CLANG_WARN__DUPLICATE_METHOD_MATCH = YES;
				CODE_SIGN_IDENTITY = "iPhone Developer";
				COPY_PHASE_STRIP = NO;
				DEBUG_INFORMATION_FORMAT = "dwarf-with-dsym";
				ENABLE_NS_ASSERTIONS = NO;
				ENABLE_STRICT_OBJC_MSGSEND = YES;
				GCC_C_LANGUAGE_STANDARD = gnu11;
				GCC_NO_COMMON_BLOCKS = YES;
				GCC_WARN_64_TO_32_BIT_CONVERSION = YES;
				GCC_WARN_ABOUT_RETURN_TYPE = YES_ERROR;
				GCC_WARN_UNDECLARED_SELECTOR = YES;
				GCC_WARN_UNINITIALIZED_AUTOS = YES_AGGRESSIVE;
				GCC_WARN_UNUSED_FUNCTION = YES;
				GCC_WARN_UNUSED_VARIABLE = YES;
				IPHONEOS_DEPLOYMENT_TARGET = 9.0;
				MTL_ENABLE_DEBUG_INFO = NO;
				SDKROOT = iphoneos;
				SWIFT_OPTIMIZATION_LEVEL = "-Owholemodule";
				VALIDATE_PRODUCT = YES;
			};
			name = Release;
		};
		0112712420416803002E7531 /* Debug */ = {
			isa = XCBuildConfiguration;
			baseConfigurationReference = 2A3D1A170506954A3DE43361 /* Pods-JYFNetworkingDemo.debug.xcconfig */;
			buildSettings = {
				ASSETCATALOG_COMPILER_APPICON_NAME = AppIcon;
				CODE_SIGN_STYLE = Automatic;
				DEVELOPMENT_TEAM = 2UDNR4WTGT;
				ENABLE_BITCODE = NO;
				FRAMEWORK_SEARCH_PATHS = (
					"$(inherited)",
					"\"${PODS_CONFIGURATION_BUILD_DIR}/Alamofire\"",
					"\"${PODS_CONFIGURATION_BUILD_DIR}/CryptoSwift\"",
					"\"${PODS_CONFIGURATION_BUILD_DIR}/Gloss\"",
					"\"${PODS_CONFIGURATION_BUILD_DIR}/JYFBasic\"",
					"\"${PODS_CONFIGURATION_BUILD_DIR}/Moya\"",
					"\"${PODS_CONFIGURATION_BUILD_DIR}/Realm\"",
					"\"${PODS_CONFIGURATION_BUILD_DIR}/RealmSwift\"",
					"\"${PODS_CONFIGURATION_BUILD_DIR}/Result\"",
					"\"${PODS_CONFIGURATION_BUILD_DIR}/RxSwift\"",
					"$(PROJECT_DIR)/JYFNetworking/Tool",
				);
				HEADER_SEARCH_PATHS = (
					"$(inherited)",
					"$(PROJECT_DIR)/JYFNetworking/Tool",
				);
				INFOPLIST_FILE = JYFNetworkingDemo/Info.plist;
				IPHONEOS_DEPLOYMENT_TARGET = 9.0;
				LD_RUNPATH_SEARCH_PATHS = "$(inherited) @executable_path/Frameworks";
				PRODUCT_BUNDLE_IDENTIFIER = com.autodesk.JYFNetworking;
				PRODUCT_NAME = "$(TARGET_NAME)";
				SWIFT_VERSION = 4.0;
				TARGETED_DEVICE_FAMILY = "1,2";
			};
			name = Debug;
		};
		0112712520416803002E7531 /* Release */ = {
			isa = XCBuildConfiguration;
			baseConfigurationReference = EF9180C80D31A39B81659BBF /* Pods-JYFNetworkingDemo.release.xcconfig */;
			buildSettings = {
				ASSETCATALOG_COMPILER_APPICON_NAME = AppIcon;
				CODE_SIGN_STYLE = Automatic;
				DEVELOPMENT_TEAM = 2UDNR4WTGT;
				ENABLE_BITCODE = NO;
				FRAMEWORK_SEARCH_PATHS = (
					"$(inherited)",
					"\"${PODS_CONFIGURATION_BUILD_DIR}/Alamofire\"",
					"\"${PODS_CONFIGURATION_BUILD_DIR}/CryptoSwift\"",
					"\"${PODS_CONFIGURATION_BUILD_DIR}/Gloss\"",
					"\"${PODS_CONFIGURATION_BUILD_DIR}/JYFBasic\"",
					"\"${PODS_CONFIGURATION_BUILD_DIR}/Moya\"",
					"\"${PODS_CONFIGURATION_BUILD_DIR}/Realm\"",
					"\"${PODS_CONFIGURATION_BUILD_DIR}/RealmSwift\"",
					"\"${PODS_CONFIGURATION_BUILD_DIR}/Result\"",
					"\"${PODS_CONFIGURATION_BUILD_DIR}/RxSwift\"",
					"$(PROJECT_DIR)/JYFNetworking/Tool",
				);
				HEADER_SEARCH_PATHS = (
					"$(inherited)",
					"$(PROJECT_DIR)/JYFNetworking/Tool",
				);
				INFOPLIST_FILE = JYFNetworkingDemo/Info.plist;
				IPHONEOS_DEPLOYMENT_TARGET = 9.0;
				LD_RUNPATH_SEARCH_PATHS = "$(inherited) @executable_path/Frameworks";
				PRODUCT_BUNDLE_IDENTIFIER = com.autodesk.JYFNetworking;
				PRODUCT_NAME = "$(TARGET_NAME)";
				SWIFT_VERSION = 4.0;
				TARGETED_DEVICE_FAMILY = "1,2";
			};
			name = Release;
		};
		0112713420416878002E7531 /* Debug */ = {
			isa = XCBuildConfiguration;
			baseConfigurationReference = 2D4CED5D80EAEB67FB1E6E38 /* Pods-JYFNetworking.debug.xcconfig */;
			buildSettings = {
				CODE_SIGN_IDENTITY = "";
				CODE_SIGN_STYLE = Automatic;
				CURRENT_PROJECT_VERSION = 1;
				DEFINES_MODULE = YES;
				DEVELOPMENT_TEAM = 2UDNR4WTGT;
				DYLIB_COMPATIBILITY_VERSION = 1;
				DYLIB_CURRENT_VERSION = 1;
				DYLIB_INSTALL_NAME_BASE = "@rpath";
				ENABLE_BITCODE = NO;
				FRAMEWORK_SEARCH_PATHS = (
					"$(inherited)",
					"\"${PODS_CONFIGURATION_BUILD_DIR}/Alamofire\"",
					"\"${PODS_CONFIGURATION_BUILD_DIR}/CryptoSwift\"",
					"\"${PODS_CONFIGURATION_BUILD_DIR}/Gloss\"",
					"\"${PODS_CONFIGURATION_BUILD_DIR}/JYFBasic\"",
					"\"${PODS_CONFIGURATION_BUILD_DIR}/Moya\"",
					"\"${PODS_CONFIGURATION_BUILD_DIR}/Realm\"",
					"\"${PODS_CONFIGURATION_BUILD_DIR}/RealmSwift\"",
					"\"${PODS_CONFIGURATION_BUILD_DIR}/Result\"",
					"\"${PODS_CONFIGURATION_BUILD_DIR}/RxSwift\"",
					"$(PROJECT_DIR)/JYFNetworking/Tool",
				);
				HEADER_SEARCH_PATHS = (
					"$(inherited)",
					"$(PROJECT_DIR)/JYFNetworking/Tool",
				);
				INFOPLIST_FILE = JYFNetworking/Info.plist;
				INSTALL_PATH = "$(LOCAL_LIBRARY_DIR)/Frameworks";
				IPHONEOS_DEPLOYMENT_TARGET = 9.0;
				LD_RUNPATH_SEARCH_PATHS = "$(inherited) @executable_path/Frameworks @loader_path/Frameworks";
				ONLY_ACTIVE_ARCH = NO;
				OTHER_CFLAGS = (
					"$(inherited)",
					"-iquote",
					"\"${PODS_CONFIGURATION_BUILD_DIR}/Alamofire/Alamofire.framework/Headers\"",
					"-iquote",
					"\"${PODS_CONFIGURATION_BUILD_DIR}/CryptoSwift/CryptoSwift.framework/Headers\"",
					"-iquote",
					"\"${PODS_CONFIGURATION_BUILD_DIR}/Gloss/Gloss.framework/Headers\"",
					"-iquote",
					"\"${PODS_CONFIGURATION_BUILD_DIR}/JYFBasic/JYFBasic.framework/Headers\"",
					"-iquote",
					"\"${PODS_CONFIGURATION_BUILD_DIR}/Moya/Moya.framework/Headers\"",
					"-iquote",
					"\"${PODS_CONFIGURATION_BUILD_DIR}/Realm/Realm.framework/Headers\"",
					"-iquote",
					"\"${PODS_CONFIGURATION_BUILD_DIR}/RealmSwift/RealmSwift.framework/Headers\"",
					"-iquote",
					"\"${PODS_CONFIGURATION_BUILD_DIR}/Result/Result.framework/Headers\"",
					"-iquote",
					"\"${PODS_CONFIGURATION_BUILD_DIR}/RxSwift/RxSwift.framework/Headers\"",
					"-isystem",
					"\"${PODS_ROOT}/Headers/Public\"",
					"-isystem",
					"\"${PODS_ROOT}/AMapFoundation-NO-IDFA\"",
					"-isystem",
					"\"${PODS_ROOT}/AMapLocation-NO-IDFA\"",
				);
				OTHER_LDFLAGS = (
					"$(inherited)",
					"-ObjC",
					"-all_load",
					"-l\"c++\"",
					"-l\"z\"",
					"-framework",
					"\"Alamofire\"",
					"-framework",
					"\"CoreLocation\"",
					"-framework",
					"\"CoreTelephony\"",
					"-framework",
					"\"CryptoSwift\"",
					"-framework",
					"\"Gloss\"",
					"-framework",
					"\"JYFBasic\"",
					"-framework",
					"\"JavaScriptCore\"",
					"-framework",
					"\"Moya\"",
					"-framework",
					"\"Realm\"",
					"-framework",
					"\"RealmSwift\"",
					"-framework",
					"\"Result\"",
					"-framework",
					"\"RxSwift\"",
					"-framework",
					"\"Security\"",
					"-framework",
					"\"SystemConfiguration\"",
				);
				PRODUCT_BUNDLE_IDENTIFIER = com.autodesk.JYFNetworking;
				PRODUCT_NAME = "$(TARGET_NAME:c99extidentifier)";
				SKIP_INSTALL = YES;
				SWIFT_VERSION = 4.0;
				TARGETED_DEVICE_FAMILY = "1,2";
				VALID_ARCHS = "arm64 armv7";
				VERSIONING_SYSTEM = "apple-generic";
				VERSION_INFO_PREFIX = "";
			};
			name = Debug;
		};
		0112713520416878002E7531 /* Release */ = {
			isa = XCBuildConfiguration;
			baseConfigurationReference = E2E0A60481693B468CC2A651 /* Pods-JYFNetworking.release.xcconfig */;
			buildSettings = {
				CODE_SIGN_IDENTITY = "";
				CODE_SIGN_STYLE = Automatic;
				CURRENT_PROJECT_VERSION = 1;
				DEFINES_MODULE = YES;
				DEVELOPMENT_TEAM = 2UDNR4WTGT;
				DYLIB_COMPATIBILITY_VERSION = 1;
				DYLIB_CURRENT_VERSION = 1;
				DYLIB_INSTALL_NAME_BASE = "@rpath";
				ENABLE_BITCODE = NO;
				FRAMEWORK_SEARCH_PATHS = (
					"$(inherited)",
					"\"${PODS_CONFIGURATION_BUILD_DIR}/Alamofire\"",
					"\"${PODS_CONFIGURATION_BUILD_DIR}/CryptoSwift\"",
					"\"${PODS_CONFIGURATION_BUILD_DIR}/Gloss\"",
					"\"${PODS_CONFIGURATION_BUILD_DIR}/JYFBasic\"",
					"\"${PODS_CONFIGURATION_BUILD_DIR}/Moya\"",
					"\"${PODS_CONFIGURATION_BUILD_DIR}/Realm\"",
					"\"${PODS_CONFIGURATION_BUILD_DIR}/RealmSwift\"",
					"\"${PODS_CONFIGURATION_BUILD_DIR}/Result\"",
					"\"${PODS_CONFIGURATION_BUILD_DIR}/RxSwift\"",
					"$(PROJECT_DIR)/JYFNetworking/Tool",
				);
				HEADER_SEARCH_PATHS = (
					"$(inherited)",
					"$(PROJECT_DIR)/JYFNetworking/Tool",
				);
				INFOPLIST_FILE = JYFNetworking/Info.plist;
				INSTALL_PATH = "$(LOCAL_LIBRARY_DIR)/Frameworks";
				IPHONEOS_DEPLOYMENT_TARGET = 9.0;
				LD_RUNPATH_SEARCH_PATHS = "$(inherited) @executable_path/Frameworks @loader_path/Frameworks";
				OTHER_CFLAGS = (
					"$(inherited)",
					"-iquote",
					"\"${PODS_CONFIGURATION_BUILD_DIR}/Alamofire/Alamofire.framework/Headers\"",
					"-iquote",
					"\"${PODS_CONFIGURATION_BUILD_DIR}/CryptoSwift/CryptoSwift.framework/Headers\"",
					"-iquote",
					"\"${PODS_CONFIGURATION_BUILD_DIR}/Gloss/Gloss.framework/Headers\"",
					"-iquote",
					"\"${PODS_CONFIGURATION_BUILD_DIR}/JYFBasic/JYFBasic.framework/Headers\"",
					"-iquote",
					"\"${PODS_CONFIGURATION_BUILD_DIR}/Moya/Moya.framework/Headers\"",
					"-iquote",
					"\"${PODS_CONFIGURATION_BUILD_DIR}/Realm/Realm.framework/Headers\"",
					"-iquote",
					"\"${PODS_CONFIGURATION_BUILD_DIR}/RealmSwift/RealmSwift.framework/Headers\"",
					"-iquote",
					"\"${PODS_CONFIGURATION_BUILD_DIR}/Result/Result.framework/Headers\"",
					"-iquote",
					"\"${PODS_CONFIGURATION_BUILD_DIR}/RxSwift/RxSwift.framework/Headers\"",
					"-isystem",
					"\"${PODS_ROOT}/Headers/Public\"",
					"-isystem",
					"\"${PODS_ROOT}/AMapFoundation-NO-IDFA\"",
					"-isystem",
					"\"${PODS_ROOT}/AMapLocation-NO-IDFA\"",
				);
				OTHER_LDFLAGS = (
					"$(inherited)",
					"-ObjC",
					"-all_load",
					"-l\"c++\"",
					"-l\"z\"",
					"-framework",
					"\"Alamofire\"",
					"-framework",
					"\"CoreLocation\"",
					"-framework",
					"\"CoreTelephony\"",
					"-framework",
					"\"CryptoSwift\"",
					"-framework",
					"\"Gloss\"",
					"-framework",
					"\"JYFBasic\"",
					"-framework",
					"\"JavaScriptCore\"",
					"-framework",
					"\"Moya\"",
					"-framework",
					"\"Realm\"",
					"-framework",
					"\"RealmSwift\"",
					"-framework",
					"\"Result\"",
					"-framework",
					"\"RxSwift\"",
					"-framework",
					"\"Security\"",
					"-framework",
					"\"SystemConfiguration\"",
				);
				PRODUCT_BUNDLE_IDENTIFIER = com.autodesk.JYFNetworking;
				PRODUCT_NAME = "$(TARGET_NAME:c99extidentifier)";
				SKIP_INSTALL = YES;
				SWIFT_VERSION = 4.0;
				TARGETED_DEVICE_FAMILY = "1,2";
				VALID_ARCHS = "arm64 armv7";
				VERSIONING_SYSTEM = "apple-generic";
				VERSION_INFO_PREFIX = "";
			};
			name = Release;
		};
/* End XCBuildConfiguration section */

/* Begin XCConfigurationList section */
		0112710C20416803002E7531 /* Build configuration list for PBXProject "JYFNetworking" */ = {
			isa = XCConfigurationList;
			buildConfigurations = (
				0112712120416803002E7531 /* Debug */,
				0112712220416803002E7531 /* Release */,
			);
			defaultConfigurationIsVisible = 0;
			defaultConfigurationName = Release;
		};
		0112712320416803002E7531 /* Build configuration list for PBXNativeTarget "JYFNetworkingDemo" */ = {
			isa = XCConfigurationList;
			buildConfigurations = (
				0112712420416803002E7531 /* Debug */,
				0112712520416803002E7531 /* Release */,
			);
			defaultConfigurationIsVisible = 0;
			defaultConfigurationName = Release;
		};
		0112713620416878002E7531 /* Build configuration list for PBXNativeTarget "JYFNetworking" */ = {
			isa = XCConfigurationList;
			buildConfigurations = (
				0112713420416878002E7531 /* Debug */,
				0112713520416878002E7531 /* Release */,
			);
			defaultConfigurationIsVisible = 0;
			defaultConfigurationName = Release;
		};
/* End XCConfigurationList section */
	};
	rootObject = 0112710920416803002E7531 /* Project object */;
}
